// !$*UTF8*$!
{
	archiveVersion = 1;
	classes = {
	};
	objectVersion = 56;
	objects = {

/* Begin PBXBuildFile section */
		181CA0262B5A85D80078E0D0 /* AppDelegate.swift in Sources */ = {isa = PBXBuildFile; fileRef = 181CA0252B5A85D80078E0D0 /* AppDelegate.swift */; };
		181CA0282B5A85D80078E0D0 /* SceneDelegate.swift in Sources */ = {isa = PBXBuildFile; fileRef = 181CA0272B5A85D80078E0D0 /* SceneDelegate.swift */; };
		181CA02A2B5A85D80078E0D0 /* ViewController.swift in Sources */ = {isa = PBXBuildFile; fileRef = 181CA0292B5A85D80078E0D0 /* ViewController.swift */; };
		181CA02D2B5A85D80078E0D0 /* Main.storyboard in Resources */ = {isa = PBXBuildFile; fileRef = 181CA02B2B5A85D80078E0D0 /* Main.storyboard */; };
		181CA02F2B5A85D90078E0D0 /* Assets.xcassets in Resources */ = {isa = PBXBuildFile; fileRef = 181CA02E2B5A85D90078E0D0 /* Assets.xcassets */; };
		181CA0322B5A85D90078E0D0 /* LaunchScreen.storyboard in Resources */ = {isa = PBXBuildFile; fileRef = 181CA0302B5A85D90078E0D0 /* LaunchScreen.storyboard */; };
		181CA03C2B5A86320078E0D0 /* FirstPage.storyboard in Resources */ = {isa = PBXBuildFile; fileRef = 181CA03B2B5A86320078E0D0 /* FirstPage.storyboard */; };
		181CA0422B5A8FF70078E0D0 /* HomePageControllerViewController.swift in Sources */ = {isa = PBXBuildFile; fileRef = 181CA0412B5A8FF70078E0D0 /* HomePageControllerViewController.swift */; };
/* End PBXBuildFile section */

/* Begin PBXFileReference section */
		181CA0222B5A85D80078E0D0 /* SwiftExercises.app */ = {isa = PBXFileReference; explicitFileType = wrapper.application; includeInIndex = 0; path = SwiftExercises.app; sourceTree = BUILT_PRODUCTS_DIR; };
		181CA0252B5A85D80078E0D0 /* AppDelegate.swift */ = {isa = PBXFileReference; lastKnownFileType = sourcecode.swift; path = AppDelegate.swift; sourceTree = "<group>"; };
		181CA0272B5A85D80078E0D0 /* SceneDelegate.swift */ = {isa = PBXFileReference; lastKnownFileType = sourcecode.swift; path = SceneDelegate.swift; sourceTree = "<group>"; };
		181CA0292B5A85D80078E0D0 /* ViewController.swift */ = {isa = PBXFileReference; lastKnownFileType = sourcecode.swift; path = ViewController.swift; sourceTree = "<group>"; };
		181CA02C2B5A85D80078E0D0 /* Base */ = {isa = PBXFileReference; lastKnownFileType = file.storyboard; name = Base; path = Base.lproj/Main.storyboard; sourceTree = "<group>"; };
		181CA02E2B5A85D90078E0D0 /* Assets.xcassets */ = {isa = PBXFileReference; lastKnownFileType = folder.assetcatalog; path = Assets.xcassets; sourceTree = "<group>"; };
		181CA0312B5A85D90078E0D0 /* Base */ = {isa = PBXFileReference; lastKnownFileType = file.storyboard; name = Base; path = Base.lproj/LaunchScreen.storyboard; sourceTree = "<group>"; };
		181CA0332B5A85D90078E0D0 /* Info.plist */ = {isa = PBXFileReference; lastKnownFileType = text.plist.xml; path = Info.plist; sourceTree = "<group>"; };
		181CA03B2B5A86320078E0D0 /* FirstPage.storyboard */ = {isa = PBXFileReference; lastKnownFileType = file.storyboard; path = FirstPage.storyboard; sourceTree = "<group>"; };
		181CA0412B5A8FF70078E0D0 /* HomePageControllerViewController.swift */ = {isa = PBXFileReference; lastKnownFileType = sourcecode.swift; path = HomePageControllerViewController.swift; sourceTree = "<group>"; };
/* End PBXFileReference section */

/* Begin PBXFrameworksBuildPhase section */
		181CA01F2B5A85D80078E0D0 /* Frameworks */ = {
			isa = PBXFrameworksBuildPhase;
			buildActionMask = 2147483647;
			files = (
			);
			runOnlyForDeploymentPostprocessing = 0;
		};
/* End PBXFrameworksBuildPhase section */

/* Begin PBXGroup section */
		181CA0192B5A85D80078E0D0 = {
			isa = PBXGroup;
			children = (
				181CA0242B5A85D80078E0D0 /* SwiftExercises */,
				181CA0232B5A85D80078E0D0 /* Products */,
			);
			sourceTree = "<group>";
		};
		181CA0232B5A85D80078E0D0 /* Products */ = {
			isa = PBXGroup;
			children = (
				181CA0222B5A85D80078E0D0 /* SwiftExercises.app */,
			);
			name = Products;
			sourceTree = "<group>";
		};
		181CA0242B5A85D80078E0D0 /* SwiftExercises */ = {
			isa = PBXGroup;
			children = (
				181CA0432B5A90420078E0D0 /* Controllers */,
				181CA03A2B5A860D0078E0D0 /* Storyboard */,
				181CA0252B5A85D80078E0D0 /* AppDelegate.swift */,
				181CA0272B5A85D80078E0D0 /* SceneDelegate.swift */,
				181CA0292B5A85D80078E0D0 /* ViewController.swift */,
				181CA02E2B5A85D90078E0D0 /* Assets.xcassets */,
				181CA0302B5A85D90078E0D0 /* LaunchScreen.storyboard */,
				181CA0332B5A85D90078E0D0 /* Info.plist */,
			);
			path = SwiftExercises;
			sourceTree = "<group>";
		};
		181CA03A2B5A860D0078E0D0 /* Storyboard */ = {
			isa = PBXGroup;
			children = (
				181CA02B2B5A85D80078E0D0 /* Main.storyboard */,
				181CA03B2B5A86320078E0D0 /* FirstPage.storyboard */,
			);
			path = Storyboard;
			sourceTree = "<group>";
		};
		181CA0432B5A90420078E0D0 /* Controllers */ = {
			isa = PBXGroup;
			children = (
				181CA0412B5A8FF70078E0D0 /* HomePageControllerViewController.swift */,
			);
			path = Controllers;
			sourceTree = "<group>";
		};
/* End PBXGroup section */

/* Begin PBXNativeTarget section */
		181CA0212B5A85D80078E0D0 /* SwiftExercises */ = {
			isa = PBXNativeTarget;
			buildConfigurationList = 181CA0362B5A85D90078E0D0 /* Build configuration list for PBXNativeTarget "SwiftExercises" */;
			buildPhases = (
				181CA01E2B5A85D80078E0D0 /* Sources */,
				181CA01F2B5A85D80078E0D0 /* Frameworks */,
				181CA0202B5A85D80078E0D0 /* Resources */,
			);
			buildRules = (
			);
			dependencies = (
			);
			name = SwiftExercises;
			productName = SwiftExercises;
			productReference = 181CA0222B5A85D80078E0D0 /* SwiftExercises.app */;
			productType = "com.apple.product-type.application";
		};
/* End PBXNativeTarget section */

/* Begin PBXProject section */
		181CA01A2B5A85D80078E0D0 /* Project object */ = {
			isa = PBXProject;
			attributes = {
				BuildIndependentTargetsInParallel = 1;
				LastSwiftUpdateCheck = 1520;
				LastUpgradeCheck = 1520;
				TargetAttributes = {
					181CA0212B5A85D80078E0D0 = {
						CreatedOnToolsVersion = 15.2;
					};
				};
			};
			buildConfigurationList = 181CA01D2B5A85D80078E0D0 /* Build configuration list for PBXProject "SwiftExercises" */;
			compatibilityVersion = "Xcode 14.0";
			developmentRegion = en;
			hasScannedForEncodings = 0;
			knownRegions = (
				en,
				Base,
			);
			mainGroup = 181CA0192B5A85D80078E0D0;
			productRefGroup = 181CA0232B5A85D80078E0D0 /* Products */;
			projectDirPath = "";
			projectRoot = "";
			targets = (
				181CA0212B5A85D80078E0D0 /* SwiftExercises */,
			);
		};
/* End PBXProject section */

/* Begin PBXResourcesBuildPhase section */
		181CA0202B5A85D80078E0D0 /* Resources */ = {
			isa = PBXResourcesBuildPhase;
			buildActionMask = 2147483647;
			files = (
				181CA03C2B5A86320078E0D0 /* FirstPage.storyboard in Resources */,
				181CA0322B5A85D90078E0D0 /* LaunchScreen.storyboard in Resources */,
				181CA02F2B5A85D90078E0D0 /* Assets.xcassets in Resources */,
				181CA02D2B5A85D80078E0D0 /* Main.storyboard in Resources */,
			);
			runOnlyForDeploymentPostprocessing = 0;
		};
/* End PBXResourcesBuildPhase section */

/* Begin PBXSourcesBuildPhase section */
		181CA01E2B5A85D80078E0D0 /* Sources */ = {
			isa = PBXSourcesBuildPhase;
			buildActionMask = 2147483647;
			files = (
				181CA02A2B5A85D80078E0D0 /* ViewController.swift in Sources */,
				181CA0262B5A85D80078E0D0 /* AppDelegate.swift in Sources */,
				181CA0422B5A8FF70078E0D0 /* HomePageControllerViewController.swift in Sources */,
				181CA0282B5A85D80078E0D0 /* SceneDelegate.swift in Sources */,
			);
			runOnlyForDeploymentPostprocessing = 0;
		};
/* End PBXSourcesBuildPhase section */

/* Begin PBXVariantGroup section */
		181CA02B2B5A85D80078E0D0 /* Main.storyboard */ = {
			isa = PBXVariantGroup;
			children = (
				181CA02C2B5A85D80078E0D0 /* Base */,
			);
			name = Main.storyboard;
			sourceTree = "<group>";
		};
		181CA0302B5A85D90078E0D0 /* LaunchScreen.storyboard */ = {
			isa = PBXVariantGroup;
			children = (
				181CA0312B5A85D90078E0D0 /* Base */,
			);
			name = LaunchScreen.storyboard;
			sourceTree = "<group>";
		};
/* End PBXVariantGroup section */

/* Begin XCBuildConfiguration section */
		181CA0342B5A85D90078E0D0 /* Debug */ = {
			isa = XCBuildConfiguration;
			buildSettings = {
				ALWAYS_SEARCH_USER_PATHS = NO;
				ASSETCATALOG_COMPILER_GENERATE_SWIFT_ASSET_SYMBOL_EXTENSIONS = YES;
				CLANG_ANALYZER_NONNULL = YES;
				CLANG_ANALYZER_NUMBER_OBJECT_CONVERSION = YES_AGGRESSIVE;
				CLANG_CXX_LANGUAGE_STANDARD = "gnu++20";
				CLANG_ENABLE_MODULES = YES;
				CLANG_ENABLE_OBJC_ARC = YES;
				CLANG_ENABLE_OBJC_WEAK = YES;
				CLANG_WARN_BLOCK_CAPTURE_AUTORELEASING = YES;
				CLANG_WARN_BOOL_CONVERSION = YES;
				CLANG_WARN_COMMA = YES;
				CLANG_WARN_CONSTANT_CONVERSION = YES;
				CLANG_WARN_DEPRECATED_OBJC_IMPLEMENTATIONS = YES;
				CLANG_WARN_DIRECT_OBJC_ISA_USAGE = YES_ERROR;
				CLANG_WARN_DOCUMENTATION_COMMENTS = YES;
				CLANG_WARN_EMPTY_BODY = YES;
				CLANG_WARN_ENUM_CONVERSION = YES;
				CLANG_WARN_INFINITE_RECURSION = YES;
				CLANG_WARN_INT_CONVERSION = YES;
				CLANG_WARN_NON_LITERAL_NULL_CONVERSION = YES;
				CLANG_WARN_OBJC_IMPLICIT_RETAIN_SELF = YES;
				CLANG_WARN_OBJC_LITERAL_CONVERSION = YES;
				CLANG_WARN_OBJC_ROOT_CLASS = YES_ERROR;
				CLANG_WARN_QUOTED_INCLUDE_IN_FRAMEWORK_HEADER = YES;
				CLANG_WARN_RANGE_LOOP_ANALYSIS = YES;
				CLANG_WARN_STRICT_PROTOTYPES = YES;
				CLANG_WARN_SUSPICIOUS_MOVE = YES;
				CLANG_WARN_UNGUARDED_AVAILABILITY = YES_AGGRESSIVE;
				CLANG_WARN_UNREACHABLE_CODE = YES;
				CLANG_WARN__DUPLICATE_METHOD_MATCH = YES;
				COPY_PHASE_STRIP = NO;
				DEBUG_INFORMATION_FORMAT = dwarf;
				ENABLE_STRICT_OBJC_MSGSEND = YES;
				ENABLE_TESTABILITY = YES;
				ENABLE_USER_SCRIPT_SANDBOXING = YES;
				GCC_C_LANGUAGE_STANDARD = gnu17;
				GCC_DYNAMIC_NO_PIC = NO;
				GCC_NO_COMMON_BLOCKS = YES;
				GCC_OPTIMIZATION_LEVEL = 0;
				GCC_PREPROCESSOR_DEFINITIONS = (
					"DEBUG=1",
					"$(inherited)",
				);
				GCC_WARN_64_TO_32_BIT_CONVERSION = YES;
				GCC_WARN_ABOUT_RETURN_TYPE = YES_ERROR;
				GCC_WARN_UNDECLARED_SELECTOR = YES;
				GCC_WARN_UNINITIALIZED_AUTOS = YES_AGGRESSIVE;
				GCC_WARN_UNUSED_FUNCTION = YES;
				GCC_WARN_UNUSED_VARIABLE = YES;
				IPHONEOS_DEPLOYMENT_TARGET = 17.2;
				LOCALIZATION_PREFERS_STRING_CATALOGS = YES;
				MTL_ENABLE_DEBUG_INFO = INCLUDE_SOURCE;
				MTL_FAST_MATH = YES;
				ONLY_ACTIVE_ARCH = YES;
				SDKROOT = iphoneos;
				SWIFT_ACTIVE_COMPILATION_CONDITIONS = "DEBUG $(inherited)";
				SWIFT_OPTIMIZATION_LEVEL = "-Onone";
			};
			name = Debug;
		};
		181CA0352B5A85D90078E0D0 /* Release */ = {
			isa = XCBuildConfiguration;
			buildSettings = {
				ALWAYS_SEARCH_USER_PATHS = NO;
				ASSETCATALOG_COMPILER_GENERATE_SWIFT_ASSET_SYMBOL_EXTENSIONS = YES;
				CLANG_ANALYZER_NONNULL = YES;
				CLANG_ANALYZER_NUMBER_OBJECT_CONVERSION = YES_AGGRESSIVE;
				CLANG_CXX_LANGUAGE_STANDARD = "gnu++20";
				CLANG_ENABLE_MODULES = YES;
				CLANG_ENABLE_OBJC_ARC = YES;
				CLANG_ENABLE_OBJC_WEAK = YES;
				CLANG_WARN_BLOCK_CAPTURE_AUTORELEASING = YES;
				CLANG_WARN_BOOL_CONVERSION = YES;
				CLANG_WARN_COMMA = YES;
				CLANG_WARN_CONSTANT_CONVERSION = YES;
				CLANG_WARN_DEPRECATED_OBJC_IMPLEMENTATIONS = YES;
				CLANG_WARN_DIRECT_OBJC_ISA_USAGE = YES_ERROR;
				CLANG_WARN_DOCUMENTATION_COMMENTS = YES;
				CLANG_WARN_EMPTY_BODY = YES;
				CLANG_WARN_ENUM_CONVERSION = YES;
				CLANG_WARN_INFINITE_RECURSION = YES;
				CLANG_WARN_INT_CONVERSION = YES;
				CLANG_WARN_NON_LITERAL_NULL_CONVERSION = YES;
				CLANG_WARN_OBJC_IMPLICIT_RETAIN_SELF = YES;
				CLANG_WARN_OBJC_LITERAL_CONVERSION = YES;
				CLANG_WARN_OBJC_ROOT_CLASS = YES_ERROR;
				CLANG_WARN_QUOTED_INCLUDE_IN_FRAMEWORK_HEADER = YES;
				CLANG_WARN_RANGE_LOOP_ANALYSIS = YES;
				CLANG_WARN_STRICT_PROTOTYPES = YES;
				CLANG_WARN_SUSPICIOUS_MOVE = YES;
				CLANG_WARN_UNGUARDED_AVAILABILITY = YES_AGGRESSIVE;
				CLANG_WARN_UNREACHABLE_CODE = YES;
				CLANG_WARN__DUPLICATE_METHOD_MATCH = YES;
				COPY_PHASE_STRIP = NO;
				DEBUG_INFORMATION_FORMAT = "dwarf-with-dsym";
				ENABLE_NS_ASSERTIONS = NO;
				ENABLE_STRICT_OBJC_MSGSEND = YES;
				ENABLE_USER_SCRIPT_SANDBOXING = YES;
				GCC_C_LANGUAGE_STANDARD = gnu17;
				GCC_NO_COMMON_BLOCKS = YES;
				GCC_WARN_64_TO_32_BIT_CONVERSION = YES;
				GCC_WARN_ABOUT_RETURN_TYPE = YES_ERROR;
				GCC_WARN_UNDECLARED_SELECTOR = YES;
				GCC_WARN_UNINITIALIZED_AUTOS = YES_AGGRESSIVE;
				GCC_WARN_UNUSED_FUNCTION = YES;
				GCC_WARN_UNUSED_VARIABLE = YES;
				IPHONEOS_DEPLOYMENT_TARGET = 17.2;
				LOCALIZATION_PREFERS_STRING_CATALOGS = YES;
				MTL_ENABLE_DEBUG_INFO = NO;
				MTL_FAST_MATH = YES;
				SDKROOT = iphoneos;
				SWIFT_COMPILATION_MODE = wholemodule;
				VALIDATE_PRODUCT = YES;
			};
			name = Release;
		};
		181CA0372B5A85D90078E0D0 /* Debug */ = {
			isa = XCBuildConfiguration;
			buildSettings = {
				ASSETCATALOG_COMPILER_APPICON_NAME = AppIcon;
				ASSETCATALOG_COMPILER_GLOBAL_ACCENT_COLOR_NAME = AccentColor;
				CODE_SIGN_STYLE = Automatic;
				CURRENT_PROJECT_VERSION = 1;
				DEVELOPMENT_TEAM = C2FT2K8MFK;
				GENERATE_INFOPLIST_FILE = YES;
				INFOPLIST_FILE = SwiftExercises/Info.plist;
				INFOPLIST_KEY_UIApplicationSupportsIndirectInputEvents = YES;
				INFOPLIST_KEY_UILaunchStoryboardName = LaunchScreen;
				INFOPLIST_KEY_UIMainStoryboardFile = Main;
				INFOPLIST_KEY_UISupportedInterfaceOrientations_iPad = "UIInterfaceOrientationPortrait UIInterfaceOrientationPortraitUpsideDown UIInterfaceOrientationLandscapeLeft UIInterfaceOrientationLandscapeRight";
				INFOPLIST_KEY_UISupportedInterfaceOrientations_iPhone = "UIInterfaceOrientationPortrait UIInterfaceOrientationLandscapeLeft UIInterfaceOrientationLandscapeRight";
				LD_RUNPATH_SEARCH_PATHS = (
					"$(inherited)",
					"@executable_path/Frameworks",
				);
				MARKETING_VERSION = 1.0;
				PRODUCT_BUNDLE_IDENTIFIER = test.SwiftExercises;
				PRODUCT_NAME = "$(TARGET_NAME)";
				SWIFT_EMIT_LOC_STRINGS = YES;
				SWIFT_VERSION = 5.0;
				TARGETED_DEVICE_FAMILY = "1,2";
			};
			name = Debug;
		};
		181CA0382B5A85D90078E0D0 /* Release */ = {
			isa = XCBuildConfiguration;
			buildSettings = {
				ASSETCATALOG_COMPILER_APPICON_NAME = AppIcon;
				ASSETCATALOG_COMPILER_GLOBAL_ACCENT_COLOR_NAME = AccentColor;
				CODE_SIGN_STYLE = Automatic;
				CURRENT_PROJECT_VERSION = 1;
				DEVELOPMENT_TEAM = C2FT2K8MFK;
				GENERATE_INFOPLIST_FILE = YES;
				INFOPLIST_FILE = SwiftExercises/Info.plist;
				INFOPLIST_KEY_UIApplicationSupportsIndirectInputEvents = YES;
				INFOPLIST_KEY_UILaunchStoryboardName = LaunchScreen;
				INFOPLIST_KEY_UIMainStoryboardFile = Main;
				INFOPLIST_KEY_UISupportedInterfaceOrientations_iPad = "UIInterfaceOrientationPortrait UIInterfaceOrientationPortraitUpsideDown UIInterfaceOrientationLandscapeLeft UIInterfaceOrientationLandscapeRight";
				INFOPLIST_KEY_UISupportedInterfaceOrientations_iPhone = "UIInterfaceOrientationPortrait UIInterfaceOrientationLandscapeLeft UIInterfaceOrientationLandscapeRight";
				LD_RUNPATH_SEARCH_PATHS = (
					"$(inherited)",
					"@executable_path/Frameworks",
				);
				MARKETING_VERSION = 1.0;
				PRODUCT_BUNDLE_IDENTIFIER = test.SwiftExercises;
				PRODUCT_NAME = "$(TARGET_NAME)";
				SWIFT_EMIT_LOC_STRINGS = YES;
				SWIFT_VERSION = 5.0;
				TARGETED_DEVICE_FAMILY = "1,2";
			};
			name = Release;
		};
/* End XCBuildConfiguration section */

/* Begin XCConfigurationList section */
		181CA01D2B5A85D80078E0D0 /* Build configuration list for PBXProject "SwiftExercises" */ = {
			isa = XCConfigurationList;
			buildConfigurations = (
				181CA0342B5A85D90078E0D0 /* Debug */,
				181CA0352B5A85D90078E0D0 /* Release */,
			);
			defaultConfigurationIsVisible = 0;
			defaultConfigurationName = Release;
		};
		181CA0362B5A85D90078E0D0 /* Build configuration list for PBXNativeTarget "SwiftExercises" */ = {
			isa = XCConfigurationList;
			buildConfigurations = (
				181CA0372B5A85D90078E0D0 /* Debug */,
				181CA0382B5A85D90078E0D0 /* Release */,
			);
			defaultConfigurationIsVisible = 0;
			defaultConfigurationName = Release;
		};
/* End XCConfigurationList section */
	};
	rootObject = 181CA01A2B5A85D80078E0D0 /* Project object */;
}
